// !$*UTF8*$!
{
	archiveVersion = 1;
	classes = {
	};
	objectVersion = 56;
	objects = {

/* Begin PBXBuildFile section */
		AC6F421D2AE2F7D40021FAB9 /* GraphsView.swift in Sources */ = {isa = PBXBuildFile; fileRef = AC6F421C2AE2F7D40021FAB9 /* GraphsView.swift */; };
		AC6F42202AE2F85A0021FAB9 /* Source.swift in Sources */ = {isa = PBXBuildFile; fileRef = AC6F421F2AE2F85A0021FAB9 /* Source.swift */; };
		ACCDA40A2AE1375700DBD278 /* CryptoTestAppApp.swift in Sources */ = {isa = PBXBuildFile; fileRef = ACCDA4092AE1375700DBD278 /* CryptoTestAppApp.swift */; };
		ACCDA40C2AE1375700DBD278 /* ContentView.swift in Sources */ = {isa = PBXBuildFile; fileRef = ACCDA40B2AE1375700DBD278 /* ContentView.swift */; };
		ACCDA40E2AE1375900DBD278 /* Assets.xcassets in Resources */ = {isa = PBXBuildFile; fileRef = ACCDA40D2AE1375900DBD278 /* Assets.xcassets */; };
		ACCDA4112AE1375900DBD278 /* Preview Assets.xcassets in Resources */ = {isa = PBXBuildFile; fileRef = ACCDA4102AE1375900DBD278 /* Preview Assets.xcassets */; };
		ACCDA4182AE1376E00DBD278 /* BackgroundView.swift in Sources */ = {isa = PBXBuildFile; fileRef = ACCDA4172AE1376E00DBD278 /* BackgroundView.swift */; };
		ACCDA41A2AE13DEA00DBD278 /* Loader.swift in Sources */ = {isa = PBXBuildFile; fileRef = ACCDA4192AE13DEA00DBD278 /* Loader.swift */; };
		ACCDA41C2AE1412700DBD278 /* LoaderView.swift in Sources */ = {isa = PBXBuildFile; fileRef = ACCDA41B2AE1412700DBD278 /* LoaderView.swift */; };
		ACCDA41E2AE1450900DBD278 /* NotificationTest.swift in Sources */ = {isa = PBXBuildFile; fileRef = ACCDA41D2AE1450900DBD278 /* NotificationTest.swift */; };
		ACCDA4202AE1499F00DBD278 /* CustomAlertView.swift in Sources */ = {isa = PBXBuildFile; fileRef = ACCDA41F2AE1499F00DBD278 /* CustomAlertView.swift */; };
		ACCDA4222AE1593A00DBD278 /* TopTraidersView.swift in Sources */ = {isa = PBXBuildFile; fileRef = ACCDA4212AE1593A00DBD278 /* TopTraidersView.swift */; };
		ACCDA4242AE1600A00DBD278 /* TopModel.swift in Sources */ = {isa = PBXBuildFile; fileRef = ACCDA4232AE1600A00DBD278 /* TopModel.swift */; };
		ACCDA4392AE2916300DBD278 /* CurrencyPairView.swift in Sources */ = {isa = PBXBuildFile; fileRef = ACCDA4382AE2916300DBD278 /* CurrencyPairView.swift */; };
		ACCDA43B2AE295DF00DBD278 /* PairComponent.swift in Sources */ = {isa = PBXBuildFile; fileRef = ACCDA43A2AE295DF00DBD278 /* PairComponent.swift */; };
		ACCDA4422AE2AEE300DBD278 /* Tabbar.swift in Sources */ = {isa = PBXBuildFile; fileRef = ACCDA43D2AE2AEE300DBD278 /* Tabbar.swift */; };
		ACCDA4452AE2AEE300DBD278 /* TabItem.swift in Sources */ = {isa = PBXBuildFile; fileRef = ACCDA4402AE2AEE300DBD278 /* TabItem.swift */; };
		ACCDA4462AE2AEE300DBD278 /* TabbarRouter.swift in Sources */ = {isa = PBXBuildFile; fileRef = ACCDA4412AE2AEE300DBD278 /* TabbarRouter.swift */; };
		ACCDA4482AE2CC3E00DBD278 /* TradeView.swift in Sources */ = {isa = PBXBuildFile; fileRef = ACCDA4472AE2CC3E00DBD278 /* TradeView.swift */; };
/* End PBXBuildFile section */

/* Begin PBXFileReference section */
		AC6F421C2AE2F7D40021FAB9 /* GraphsView.swift */ = {isa = PBXFileReference; lastKnownFileType = sourcecode.swift; path = GraphsView.swift; sourceTree = "<group>"; };
		AC6F421F2AE2F85A0021FAB9 /* Source.swift */ = {isa = PBXFileReference; lastKnownFileType = sourcecode.swift; path = Source.swift; sourceTree = "<group>"; };
		ACCDA4062AE1375700DBD278 /* CryptoTestApp.app */ = {isa = PBXFileReference; explicitFileType = wrapper.application; includeInIndex = 0; path = CryptoTestApp.app; sourceTree = BUILT_PRODUCTS_DIR; };
		ACCDA4092AE1375700DBD278 /* CryptoTestAppApp.swift */ = {isa = PBXFileReference; lastKnownFileType = sourcecode.swift; path = CryptoTestAppApp.swift; sourceTree = "<group>"; };
		ACCDA40B2AE1375700DBD278 /* ContentView.swift */ = {isa = PBXFileReference; lastKnownFileType = sourcecode.swift; path = ContentView.swift; sourceTree = "<group>"; };
		ACCDA40D2AE1375900DBD278 /* Assets.xcassets */ = {isa = PBXFileReference; lastKnownFileType = folder.assetcatalog; path = Assets.xcassets; sourceTree = "<group>"; };
		ACCDA4102AE1375900DBD278 /* Preview Assets.xcassets */ = {isa = PBXFileReference; lastKnownFileType = folder.assetcatalog; path = "Preview Assets.xcassets"; sourceTree = "<group>"; };
		ACCDA4172AE1376E00DBD278 /* BackgroundView.swift */ = {isa = PBXFileReference; lastKnownFileType = sourcecode.swift; path = BackgroundView.swift; sourceTree = "<group>"; };
		ACCDA4192AE13DEA00DBD278 /* Loader.swift */ = {isa = PBXFileReference; lastKnownFileType = sourcecode.swift; path = Loader.swift; sourceTree = "<group>"; };
		ACCDA41B2AE1412700DBD278 /* LoaderView.swift */ = {isa = PBXFileReference; lastKnownFileType = sourcecode.swift; path = LoaderView.swift; sourceTree = "<group>"; };
		ACCDA41D2AE1450900DBD278 /* NotificationTest.swift */ = {isa = PBXFileReference; lastKnownFileType = sourcecode.swift; path = NotificationTest.swift; sourceTree = "<group>"; };
		ACCDA41F2AE1499F00DBD278 /* CustomAlertView.swift */ = {isa = PBXFileReference; lastKnownFileType = sourcecode.swift; path = CustomAlertView.swift; sourceTree = "<group>"; };
		ACCDA4212AE1593A00DBD278 /* TopTraidersView.swift */ = {isa = PBXFileReference; lastKnownFileType = sourcecode.swift; path = TopTraidersView.swift; sourceTree = "<group>"; };
		ACCDA4232AE1600A00DBD278 /* TopModel.swift */ = {isa = PBXFileReference; lastKnownFileType = sourcecode.swift; path = TopModel.swift; sourceTree = "<group>"; };
		ACCDA4382AE2916300DBD278 /* CurrencyPairView.swift */ = {isa = PBXFileReference; lastKnownFileType = sourcecode.swift; path = CurrencyPairView.swift; sourceTree = "<group>"; };
		ACCDA43A2AE295DF00DBD278 /* PairComponent.swift */ = {isa = PBXFileReference; lastKnownFileType = sourcecode.swift; path = PairComponent.swift; sourceTree = "<group>"; };
		ACCDA43D2AE2AEE300DBD278 /* Tabbar.swift */ = {isa = PBXFileReference; fileEncoding = 4; lastKnownFileType = sourcecode.swift; path = Tabbar.swift; sourceTree = "<group>"; };
		ACCDA4402AE2AEE300DBD278 /* TabItem.swift */ = {isa = PBXFileReference; fileEncoding = 4; lastKnownFileType = sourcecode.swift; path = TabItem.swift; sourceTree = "<group>"; };
		ACCDA4412AE2AEE300DBD278 /* TabbarRouter.swift */ = {isa = PBXFileReference; fileEncoding = 4; lastKnownFileType = sourcecode.swift; path = TabbarRouter.swift; sourceTree = "<group>"; };
		ACCDA4472AE2CC3E00DBD278 /* TradeView.swift */ = {isa = PBXFileReference; lastKnownFileType = sourcecode.swift; path = TradeView.swift; sourceTree = "<group>"; };
/* End PBXFileReference section */

/* Begin PBXFrameworksBuildPhase section */
		ACCDA4032AE1375700DBD278 /* Frameworks */ = {
			isa = PBXFrameworksBuildPhase;
			buildActionMask = 2147483647;
			files = (
			);
			runOnlyForDeploymentPostprocessing = 0;
		};
/* End PBXFrameworksBuildPhase section */

/* Begin PBXGroup section */
		AC6F421E2AE2F8430021FAB9 /* Source */ = {
			isa = PBXGroup;
			children = (
				AC6F421F2AE2F85A0021FAB9 /* Source.swift */,
			);
			path = Source;
			sourceTree = "<group>";
		};
		ACCDA3FD2AE1375700DBD278 = {
			isa = PBXGroup;
			children = (
				ACCDA4082AE1375700DBD278 /* CryptoTestApp */,
				ACCDA4072AE1375700DBD278 /* Products */,
			);
			sourceTree = "<group>";
		};
		ACCDA4072AE1375700DBD278 /* Products */ = {
			isa = PBXGroup;
			children = (
				ACCDA4062AE1375700DBD278 /* CryptoTestApp.app */,
			);
			name = Products;
			sourceTree = "<group>";
		};
		ACCDA4082AE1375700DBD278 /* CryptoTestApp */ = {
			isa = PBXGroup;
			children = (
				ACCDA43C2AE2AEE300DBD278 /* Tabbar */,
				ACCDA41F2AE1499F00DBD278 /* CustomAlertView.swift */,
				ACCDA4092AE1375700DBD278 /* CryptoTestAppApp.swift */,
				ACCDA40B2AE1375700DBD278 /* ContentView.swift */,
				ACCDA4172AE1376E00DBD278 /* BackgroundView.swift */,
				ACCDA4192AE13DEA00DBD278 /* Loader.swift */,
				ACCDA41D2AE1450900DBD278 /* NotificationTest.swift */,
				ACCDA41B2AE1412700DBD278 /* LoaderView.swift */,
				ACCDA4382AE2916300DBD278 /* CurrencyPairView.swift */,
				ACCDA4472AE2CC3E00DBD278 /* TradeView.swift */,
				AC6F421C2AE2F7D40021FAB9 /* GraphsView.swift */,
				AC6F421E2AE2F8430021FAB9 /* Source */,
				ACCDA43A2AE295DF00DBD278 /* PairComponent.swift */,
				ACCDA4212AE1593A00DBD278 /* TopTraidersView.swift */,
				ACCDA4232AE1600A00DBD278 /* TopModel.swift */,
				ACCDA40D2AE1375900DBD278 /* Assets.xcassets */,
				ACCDA40F2AE1375900DBD278 /* Preview Content */,
			);
			path = CryptoTestApp;
			sourceTree = "<group>";
		};
		ACCDA40F2AE1375900DBD278 /* Preview Content */ = {
			isa = PBXGroup;
			children = (
				ACCDA4102AE1375900DBD278 /* Preview Assets.xcassets */,
			);
			path = "Preview Content";
			sourceTree = "<group>";
		};
		ACCDA43C2AE2AEE300DBD278 /* Tabbar */ = {
			isa = PBXGroup;
			children = (
				ACCDA43D2AE2AEE300DBD278 /* Tabbar.swift */,
				ACCDA4402AE2AEE300DBD278 /* TabItem.swift */,
				ACCDA4412AE2AEE300DBD278 /* TabbarRouter.swift */,
			);
			path = Tabbar;
			sourceTree = "<group>";
		};
/* End PBXGroup section */

/* Begin PBXNativeTarget section */
		ACCDA4052AE1375700DBD278 /* CryptoTestApp */ = {
			isa = PBXNativeTarget;
			buildConfigurationList = ACCDA4142AE1375900DBD278 /* Build configuration list for PBXNativeTarget "CryptoTestApp" */;
			buildPhases = (
				ACCDA4022AE1375700DBD278 /* Sources */,
				ACCDA4032AE1375700DBD278 /* Frameworks */,
				ACCDA4042AE1375700DBD278 /* Resources */,
			);
			buildRules = (
			);
			dependencies = (
			);
			name = CryptoTestApp;
			productName = CryptoTestApp;
			productReference = ACCDA4062AE1375700DBD278 /* CryptoTestApp.app */;
			productType = "com.apple.product-type.application";
		};
/* End PBXNativeTarget section */

/* Begin PBXProject section */
		ACCDA3FE2AE1375700DBD278 /* Project object */ = {
			isa = PBXProject;
			attributes = {
				BuildIndependentTargetsInParallel = 1;
				LastSwiftUpdateCheck = 1430;
				LastUpgradeCheck = 1430;
				TargetAttributes = {
					ACCDA4052AE1375700DBD278 = {
						CreatedOnToolsVersion = 14.3.1;
					};
				};
			};
			buildConfigurationList = ACCDA4012AE1375700DBD278 /* Build configuration list for PBXProject "CryptoTestApp" */;
			compatibilityVersion = "Xcode 14.0";
			developmentRegion = en;
			hasScannedForEncodings = 0;
			knownRegions = (
				en,
				Base,
			);
			mainGroup = ACCDA3FD2AE1375700DBD278;
			productRefGroup = ACCDA4072AE1375700DBD278 /* Products */;
			projectDirPath = "";
			projectRoot = "";
			targets = (
				ACCDA4052AE1375700DBD278 /* CryptoTestApp */,
			);
		};
/* End PBXProject section */

/* Begin PBXResourcesBuildPhase section */
		ACCDA4042AE1375700DBD278 /* Resources */ = {
			isa = PBXResourcesBuildPhase;
			buildActionMask = 2147483647;
			files = (
				ACCDA4112AE1375900DBD278 /* Preview Assets.xcassets in Resources */,
				ACCDA40E2AE1375900DBD278 /* Assets.xcassets in Resources */,
			);
			runOnlyForDeploymentPostprocessing = 0;
		};
/* End PBXResourcesBuildPhase section */

/* Begin PBXSourcesBuildPhase section */
		ACCDA4022AE1375700DBD278 /* Sources */ = {
			isa = PBXSourcesBuildPhase;
			buildActionMask = 2147483647;
			files = (
				ACCDA4182AE1376E00DBD278 /* BackgroundView.swift in Sources */,
				ACCDA4242AE1600A00DBD278 /* TopModel.swift in Sources */,
				ACCDA4202AE1499F00DBD278 /* CustomAlertView.swift in Sources */,
				ACCDA4482AE2CC3E00DBD278 /* TradeView.swift in Sources */,
				ACCDA4422AE2AEE300DBD278 /* Tabbar.swift in Sources */,
				ACCDA4392AE2916300DBD278 /* CurrencyPairView.swift in Sources */,
				ACCDA40C2AE1375700DBD278 /* ContentView.swift in Sources */,
				AC6F42202AE2F85A0021FAB9 /* Source.swift in Sources */,
				ACCDA41C2AE1412700DBD278 /* LoaderView.swift in Sources */,
				ACCDA4452AE2AEE300DBD278 /* TabItem.swift in Sources */,
				ACCDA4222AE1593A00DBD278 /* TopTraidersView.swift in Sources */,
				ACCDA4462AE2AEE300DBD278 /* TabbarRouter.swift in Sources */,
				AC6F421D2AE2F7D40021FAB9 /* GraphsView.swift in Sources */,
				ACCDA41A2AE13DEA00DBD278 /* Loader.swift in Sources */,
				ACCDA41E2AE1450900DBD278 /* NotificationTest.swift in Sources */,
				ACCDA40A2AE1375700DBD278 /* CryptoTestAppApp.swift in Sources */,
				ACCDA43B2AE295DF00DBD278 /* PairComponent.swift in Sources */,
			);
			runOnlyForDeploymentPostprocessing = 0;
		};
/* End PBXSourcesBuildPhase section */

/* Begin XCBuildConfiguration section */
		ACCDA4122AE1375900DBD278 /* Debug */ = {
			isa = XCBuildConfiguration;
			buildSettings = {
				ALWAYS_SEARCH_USER_PATHS = NO;
				CLANG_ANALYZER_NONNULL = YES;
				CLANG_ANALYZER_NUMBER_OBJECT_CONVERSION = YES_AGGRESSIVE;
				CLANG_CXX_LANGUAGE_STANDARD = "gnu++20";
				CLANG_ENABLE_MODULES = YES;
				CLANG_ENABLE_OBJC_ARC = YES;
				CLANG_ENABLE_OBJC_WEAK = YES;
				CLANG_WARN_BLOCK_CAPTURE_AUTORELEASING = YES;
				CLANG_WARN_BOOL_CONVERSION = YES;
				CLANG_WARN_COMMA = YES;
				CLANG_WARN_CONSTANT_CONVERSION = YES;
				CLANG_WARN_DEPRECATED_OBJC_IMPLEMENTATIONS = YES;
				CLANG_WARN_DIRECT_OBJC_ISA_USAGE = YES_ERROR;
				CLANG_WARN_DOCUMENTATION_COMMENTS = YES;
				CLANG_WARN_EMPTY_BODY = YES;
				CLANG_WARN_ENUM_CONVERSION = YES;
				CLANG_WARN_INFINITE_RECURSION = YES;
				CLANG_WARN_INT_CONVERSION = YES;
				CLANG_WARN_NON_LITERAL_NULL_CONVERSION = YES;
				CLANG_WARN_OBJC_IMPLICIT_RETAIN_SELF = YES;
				CLANG_WARN_OBJC_LITERAL_CONVERSION = YES;
				CLANG_WARN_OBJC_ROOT_CLASS = YES_ERROR;
				CLANG_WARN_QUOTED_INCLUDE_IN_FRAMEWORK_HEADER = YES;
				CLANG_WARN_RANGE_LOOP_ANALYSIS = YES;
				CLANG_WARN_STRICT_PROTOTYPES = YES;
				CLANG_WARN_SUSPICIOUS_MOVE = YES;
				CLANG_WARN_UNGUARDED_AVAILABILITY = YES_AGGRESSIVE;
				CLANG_WARN_UNREACHABLE_CODE = YES;
				CLANG_WARN__DUPLICATE_METHOD_MATCH = YES;
				COPY_PHASE_STRIP = NO;
				DEBUG_INFORMATION_FORMAT = dwarf;
				ENABLE_STRICT_OBJC_MSGSEND = YES;
				ENABLE_TESTABILITY = YES;
				GCC_C_LANGUAGE_STANDARD = gnu11;
				GCC_DYNAMIC_NO_PIC = NO;
				GCC_NO_COMMON_BLOCKS = YES;
				GCC_OPTIMIZATION_LEVEL = 0;
				GCC_PREPROCESSOR_DEFINITIONS = (
					"DEBUG=1",
					"$(inherited)",
				);
				GCC_WARN_64_TO_32_BIT_CONVERSION = YES;
				GCC_WARN_ABOUT_RETURN_TYPE = YES_ERROR;
				GCC_WARN_UNDECLARED_SELECTOR = YES;
				GCC_WARN_UNINITIALIZED_AUTOS = YES_AGGRESSIVE;
				GCC_WARN_UNUSED_FUNCTION = YES;
				GCC_WARN_UNUSED_VARIABLE = YES;
				IPHONEOS_DEPLOYMENT_TARGET = 16.4;
				MTL_ENABLE_DEBUG_INFO = INCLUDE_SOURCE;
				MTL_FAST_MATH = YES;
				ONLY_ACTIVE_ARCH = YES;
				SDKROOT = iphoneos;
				SWIFT_ACTIVE_COMPILATION_CONDITIONS = DEBUG;
				SWIFT_OPTIMIZATION_LEVEL = "-Onone";
			};
			name = Debug;
		};
		ACCDA4132AE1375900DBD278 /* Release */ = {
			isa = XCBuildConfiguration;
			buildSettings = {
				ALWAYS_SEARCH_USER_PATHS = NO;
				CLANG_ANALYZER_NONNULL = YES;
				CLANG_ANALYZER_NUMBER_OBJECT_CONVERSION = YES_AGGRESSIVE;
				CLANG_CXX_LANGUAGE_STANDARD = "gnu++20";
				CLANG_ENABLE_MODULES = YES;
				CLANG_ENABLE_OBJC_ARC = YES;
				CLANG_ENABLE_OBJC_WEAK = YES;
				CLANG_WARN_BLOCK_CAPTURE_AUTORELEASING = YES;
				CLANG_WARN_BOOL_CONVERSION = YES;
				CLANG_WARN_COMMA = YES;
				CLANG_WARN_CONSTANT_CONVERSION = YES;
				CLANG_WARN_DEPRECATED_OBJC_IMPLEMENTATIONS = YES;
				CLANG_WARN_DIRECT_OBJC_ISA_USAGE = YES_ERROR;
				CLANG_WARN_DOCUMENTATION_COMMENTS = YES;
				CLANG_WARN_EMPTY_BODY = YES;
				CLANG_WARN_ENUM_CONVERSION = YES;
				CLANG_WARN_INFINITE_RECURSION = YES;
				CLANG_WARN_INT_CONVERSION = YES;
				CLANG_WARN_NON_LITERAL_NULL_CONVERSION = YES;
				CLANG_WARN_OBJC_IMPLICIT_RETAIN_SELF = YES;
				CLANG_WARN_OBJC_LITERAL_CONVERSION = YES;
				CLANG_WARN_OBJC_ROOT_CLASS = YES_ERROR;
				CLANG_WARN_QUOTED_INCLUDE_IN_FRAMEWORK_HEADER = YES;
				CLANG_WARN_RANGE_LOOP_ANALYSIS = YES;
				CLANG_WARN_STRICT_PROTOTYPES = YES;
				CLANG_WARN_SUSPICIOUS_MOVE = YES;
				CLANG_WARN_UNGUARDED_AVAILABILITY = YES_AGGRESSIVE;
				CLANG_WARN_UNREACHABLE_CODE = YES;
				CLANG_WARN__DUPLICATE_METHOD_MATCH = YES;
				COPY_PHASE_STRIP = NO;
				DEBUG_INFORMATION_FORMAT = "dwarf-with-dsym";
				ENABLE_NS_ASSERTIONS = NO;
				ENABLE_STRICT_OBJC_MSGSEND = YES;
				GCC_C_LANGUAGE_STANDARD = gnu11;
				GCC_NO_COMMON_BLOCKS = YES;
				GCC_WARN_64_TO_32_BIT_CONVERSION = YES;
				GCC_WARN_ABOUT_RETURN_TYPE = YES_ERROR;
				GCC_WARN_UNDECLARED_SELECTOR = YES;
				GCC_WARN_UNINITIALIZED_AUTOS = YES_AGGRESSIVE;
				GCC_WARN_UNUSED_FUNCTION = YES;
				GCC_WARN_UNUSED_VARIABLE = YES;
				IPHONEOS_DEPLOYMENT_TARGET = 16.4;
				MTL_ENABLE_DEBUG_INFO = NO;
				MTL_FAST_MATH = YES;
				SDKROOT = iphoneos;
				SWIFT_COMPILATION_MODE = wholemodule;
				SWIFT_OPTIMIZATION_LEVEL = "-O";
				VALIDATE_PRODUCT = YES;
			};
			name = Release;
		};
		ACCDA4152AE1375900DBD278 /* Debug */ = {
			isa = XCBuildConfiguration;
			buildSettings = {
				ASSETCATALOG_COMPILER_APPICON_NAME = AppIcon;
				ASSETCATALOG_COMPILER_GLOBAL_ACCENT_COLOR_NAME = AccentColor;
				CODE_SIGN_STYLE = Automatic;
				CURRENT_PROJECT_VERSION = 1;
				DEVELOPMENT_ASSET_PATHS = "\"CryptoTestApp/Preview Content\"";
				DEVELOPMENT_TEAM = 482344W3R3;
				ENABLE_PREVIEWS = YES;
				GENERATE_INFOPLIST_FILE = YES;
				INFOPLIST_KEY_UIApplicationSceneManifest_Generation = YES;
				INFOPLIST_KEY_UIApplicationSupportsIndirectInputEvents = YES;
				INFOPLIST_KEY_UILaunchScreen_Generation = YES;
				INFOPLIST_KEY_UISupportedInterfaceOrientations_iPad = "UIInterfaceOrientationPortrait UIInterfaceOrientationPortraitUpsideDown UIInterfaceOrientationLandscapeLeft UIInterfaceOrientationLandscapeRight";
				INFOPLIST_KEY_UISupportedInterfaceOrientations_iPhone = "UIInterfaceOrientationPortrait UIInterfaceOrientationLandscapeLeft UIInterfaceOrientationLandscapeRight";
				LD_RUNPATH_SEARCH_PATHS = (
					"$(inherited)",
					"@executable_path/Frameworks",
				);
				MARKETING_VERSION = 1.0;
				PRODUCT_BUNDLE_IDENTIFIER = Artemaj.CryptoTestApp;
				PRODUCT_NAME = "$(TARGET_NAME)";
				SWIFT_EMIT_LOC_STRINGS = YES;
				SWIFT_VERSION = 5.0;
				TARGETED_DEVICE_FAMILY = "1,2";
			};
			name = Debug;
		};
		ACCDA4162AE1375900DBD278 /* Release */ = {
			isa = XCBuildConfiguration;
			buildSettings = {
				ASSETCATALOG_COMPILER_APPICON_NAME = AppIcon;
				ASSETCATALOG_COMPILER_GLOBAL_ACCENT_COLOR_NAME = AccentColor;
				CODE_SIGN_STYLE = Automatic;
				CURRENT_PROJECT_VERSION = 1;
				DEVELOPMENT_ASSET_PATHS = "\"CryptoTestApp/Preview Content\"";
				DEVELOPMENT_TEAM = 482344W3R3;
				ENABLE_PREVIEWS = YES;
				GENERATE_INFOPLIST_FILE = YES;
				INFOPLIST_KEY_UIApplicationSceneManifest_Generation = YES;
				INFOPLIST_KEY_UIApplicationSupportsIndirectInputEvents = YES;
				INFOPLIST_KEY_UILaunchScreen_Generation = YES;
				INFOPLIST_KEY_UISupportedInterfaceOrientations_iPad = "UIInterfaceOrientationPortrait UIInterfaceOrientationPortraitUpsideDown UIInterfaceOrientationLandscapeLeft UIInterfaceOrientationLandscapeRight";
				INFOPLIST_KEY_UISupportedInterfaceOrientations_iPhone = "UIInterfaceOrientationPortrait UIInterfaceOrientationLandscapeLeft UIInterfaceOrientationLandscapeRight";
				LD_RUNPATH_SEARCH_PATHS = (
					"$(inherited)",
					"@executable_path/Frameworks",
				);
				MARKETING_VERSION = 1.0;
				PRODUCT_BUNDLE_IDENTIFIER = Artemaj.CryptoTestApp;
				PRODUCT_NAME = "$(TARGET_NAME)";
				SWIFT_EMIT_LOC_STRINGS = YES;
				SWIFT_VERSION = 5.0;
				TARGETED_DEVICE_FAMILY = "1,2";
			};
			name = Release;
		};
/* End XCBuildConfiguration section */

/* Begin XCConfigurationList section */
		ACCDA4012AE1375700DBD278 /* Build configuration list for PBXProject "CryptoTestApp" */ = {
			isa = XCConfigurationList;
			buildConfigurations = (
				ACCDA4122AE1375900DBD278 /* Debug */,
				ACCDA4132AE1375900DBD278 /* Release */,
			);
			defaultConfigurationIsVisible = 0;
			defaultConfigurationName = Release;
		};
		ACCDA4142AE1375900DBD278 /* Build configuration list for PBXNativeTarget "CryptoTestApp" */ = {
			isa = XCConfigurationList;
			buildConfigurations = (
				ACCDA4152AE1375900DBD278 /* Debug */,
				ACCDA4162AE1375900DBD278 /* Release */,
			);
			defaultConfigurationIsVisible = 0;
			defaultConfigurationName = Release;
		};
/* End XCConfigurationList section */
	};
	rootObject = ACCDA3FE2AE1375700DBD278 /* Project object */;
}
